
Microsoft Visual Studio Solution File, Format Version 12.00
# Visual Studio 2012
Project("{FAE04EC0-301F-11D3-BF4B-00C04F79EFBC}") = "ENCREYPTION Project", "ENCREYPTION Project\ENCREYPTION Project.csproj", "{03B0C0FF-3B3D-4BA3-AD08-7C68EB1D9B67}"
EndProject
Global
	GlobalSection(SolutionConfigurationPlatforms) = preSolution
		Debug|Any CPU = Debug|Any CPU
		Release|Any CPU = Release|Any CPU
	EndGlobalSection
	GlobalSection(ProjectConfigurationPlatforms) = postSolution
		{03B0C0FF-3B3D-4BA3-AD08-7C68EB1D9B67}.Debug|Any CPU.ActiveCfg = Debug|Any CPU
		{03B0C0FF-3B3D-4BA3-AD08-7C68EB1D9B67}.Debug|Any CPU.Build.0 = Debug|Any CPU
		{03B0C0FF-3B3D-4BA3-AD08-7C68EB1D9B67}.Release|Any CPU.ActiveCfg = Release|Any CPU
		{03B0C0FF-3B3D-4BA3-AD08-7C68EB1D9B67}.Release|Any CPU.Build.0 = Release|Any CPU
	EndGlobalSection
	GlobalSection(SolutionProperties) = preSolution
		HideSolutionNode = FALSE
	EndGlobalSection
EndGlobal
